
Microsoft Visual Studio Solution File, Format Version 12.00
# Visual Studio Version 16
VisualStudioVersion = 16.0.29613.14
MinimumVisualStudioVersion = 15.0.26124.0
Project("{2150E333-8FDC-42A3-9474-1A3956D46DE8}") = "src", "src", "{411BC909-F2A7-447D-B28E-A7D6A1A2675F}"
EndProject
Project("{9A19103F-16F7-4668-BE54-9A1E7A4F7556}") = "Losol.Identity", "src\Losol.Identity\Losol.Identity.csproj", "{6FB0A99A-39A1-42F6-AA0C-65115DBF6CF8}"
EndProject
Project("{2150E333-8FDC-42A3-9474-1A3956D46DE8}") = "tests", "tests", "{E8054380-5499-4B07-8BD4-92BA3E69D555}"
EndProject
Project("{FAE04EC0-301F-11D3-BF4B-00C04F79EFBC}") = "Losol.Identity.Tests", "tests\Losol.Identity.Tests\Losol.Identity.Tests.csproj", "{9183F7D8-5852-48D4-8041-A5E29CC456A8}"
EndProject
Project("{FAE04EC0-301F-11D3-BF4B-00C04F79EFBC}") = "Losol.Identity.DemoJavaScriptClient", "src\Losol.Identity.DemoJavaScriptClient\Losol.Identity.DemoJavaScriptClient.csproj", "{74556E2F-51A6-4FD9-9926-00D3181539CF}"
EndProject
Global
	GlobalSection(SolutionConfigurationPlatforms) = preSolution
		Debug|Any CPU = Debug|Any CPU
		Debug|x64 = Debug|x64
		Debug|x86 = Debug|x86
		Release|Any CPU = Release|Any CPU
		Release|x64 = Release|x64
		Release|x86 = Release|x86
	EndGlobalSection
	GlobalSection(ProjectConfigurationPlatforms) = postSolution
		{6FB0A99A-39A1-42F6-AA0C-65115DBF6CF8}.Debug|Any CPU.ActiveCfg = Debug|Any CPU
		{6FB0A99A-39A1-42F6-AA0C-65115DBF6CF8}.Debug|Any CPU.Build.0 = Debug|Any CPU
		{6FB0A99A-39A1-42F6-AA0C-65115DBF6CF8}.Debug|x64.ActiveCfg = Debug|Any CPU
		{6FB0A99A-39A1-42F6-AA0C-65115DBF6CF8}.Debug|x64.Build.0 = Debug|Any CPU
		{6FB0A99A-39A1-42F6-AA0C-65115DBF6CF8}.Debug|x86.ActiveCfg = Debug|Any CPU
		{6FB0A99A-39A1-42F6-AA0C-65115DBF6CF8}.Debug|x86.Build.0 = Debug|Any CPU
		{6FB0A99A-39A1-42F6-AA0C-65115DBF6CF8}.Release|Any CPU.ActiveCfg = Release|Any CPU
		{6FB0A99A-39A1-42F6-AA0C-65115DBF6CF8}.Release|Any CPU.Build.0 = Release|Any CPU
		{6FB0A99A-39A1-42F6-AA0C-65115DBF6CF8}.Release|x64.ActiveCfg = Release|Any CPU
		{6FB0A99A-39A1-42F6-AA0C-65115DBF6CF8}.Release|x64.Build.0 = Release|Any CPU
		{6FB0A99A-39A1-42F6-AA0C-65115DBF6CF8}.Release|x86.ActiveCfg = Release|Any CPU
		{6FB0A99A-39A1-42F6-AA0C-65115DBF6CF8}.Release|x86.Build.0 = Release|Any CPU
		{9183F7D8-5852-48D4-8041-A5E29CC456A8}.Debug|Any CPU.ActiveCfg = Debug|Any CPU
		{9183F7D8-5852-48D4-8041-A5E29CC456A8}.Debug|Any CPU.Build.0 = Debug|Any CPU
		{9183F7D8-5852-48D4-8041-A5E29CC456A8}.Debug|x64.ActiveCfg = Debug|Any CPU
		{9183F7D8-5852-48D4-8041-A5E29CC456A8}.Debug|x64.Build.0 = Debug|Any CPU
		{9183F7D8-5852-48D4-8041-A5E29CC456A8}.Debug|x86.ActiveCfg = Debug|Any CPU
		{9183F7D8-5852-48D4-8041-A5E29CC456A8}.Debug|x86.Build.0 = Debug|Any CPU
		{9183F7D8-5852-48D4-8041-A5E29CC456A8}.Release|Any CPU.ActiveCfg = Release|Any CPU
		{9183F7D8-5852-48D4-8041-A5E29CC456A8}.Release|Any CPU.Build.0 = Release|Any CPU
		{9183F7D8-5852-48D4-8041-A5E29CC456A8}.Release|x64.ActiveCfg = Release|Any CPU
		{9183F7D8-5852-48D4-8041-A5E29CC456A8}.Release|x64.Build.0 = Release|Any CPU
		{9183F7D8-5852-48D4-8041-A5E29CC456A8}.Release|x86.ActiveCfg = Release|Any CPU
		{9183F7D8-5852-48D4-8041-A5E29CC456A8}.Release|x86.Build.0 = Release|Any CPU
		{74556E2F-51A6-4FD9-9926-00D3181539CF}.Debug|Any CPU.ActiveCfg = Debug|Any CPU
		{74556E2F-51A6-4FD9-9926-00D3181539CF}.Debug|Any CPU.Build.0 = Debug|Any CPU
		{74556E2F-51A6-4FD9-9926-00D3181539CF}.Debug|x64.ActiveCfg = Debug|Any CPU
		{74556E2F-51A6-4FD9-9926-00D3181539CF}.Debug|x64.Build.0 = Debug|Any CPU
		{74556E2F-51A6-4FD9-9926-00D3181539CF}.Debug|x86.ActiveCfg = Debug|Any CPU
		{74556E2F-51A6-4FD9-9926-00D3181539CF}.Debug|x86.Build.0 = Debug|Any CPU
		{74556E2F-51A6-4FD9-9926-00D3181539CF}.Release|Any CPU.ActiveCfg = Release|Any CPU
		{74556E2F-51A6-4FD9-9926-00D3181539CF}.Release|Any CPU.Build.0 = Release|Any CPU
		{74556E2F-51A6-4FD9-9926-00D3181539CF}.Release|x64.ActiveCfg = Release|Any CPU
		{74556E2F-51A6-4FD9-9926-00D3181539CF}.Release|x64.Build.0 = Release|Any CPU
		{74556E2F-51A6-4FD9-9926-00D3181539CF}.Release|x86.ActiveCfg = Release|Any CPU
		{74556E2F-51A6-4FD9-9926-00D3181539CF}.Release|x86.Build.0 = Release|Any CPU
	EndGlobalSection
	GlobalSection(SolutionProperties) = preSolution
		HideSolutionNode = FALSE
	EndGlobalSection
	GlobalSection(NestedProjects) = preSolution
		{6FB0A99A-39A1-42F6-AA0C-65115DBF6CF8} = {411BC909-F2A7-447D-B28E-A7D6A1A2675F}
		{9183F7D8-5852-48D4-8041-A5E29CC456A8} = {E8054380-5499-4B07-8BD4-92BA3E69D555}
		{74556E2F-51A6-4FD9-9926-00D3181539CF} = {411BC909-F2A7-447D-B28E-A7D6A1A2675F}
	EndGlobalSection
	GlobalSection(ExtensibilityGlobals) = postSolution
		SolutionGuid = {00E0099E-3AF1-4F83-A51C-5AE5576F324B}
	EndGlobalSection
EndGlobal
